
Microsoft Visual Studio Solution File, Format Version 12.00
# Visual Studio 15
VisualStudioVersion = 15.0.28010.2046
MinimumVisualStudioVersion = 10.0.40219.1
Project("{FAE04EC0-301F-11D3-BF4B-00C04F79EFBC}") = "PirateChest", "PirateChest\PirateChest.csproj", "{D81462AC-2594-4F1F-B0DA-E52D9844142D}"
EndProject
Global
	GlobalSection(SolutionConfigurationPlatforms) = preSolution
		Debug|Any CPU = Debug|Any CPU
		Release|Any CPU = Release|Any CPU
	EndGlobalSection
	GlobalSection(ProjectConfigurationPlatforms) = postSolution
		{D81462AC-2594-4F1F-B0DA-E52D9844142D}.Debug|Any CPU.ActiveCfg = Debug|Any CPU
		{D81462AC-2594-4F1F-B0DA-E52D9844142D}.Debug|Any CPU.Build.0 = Debug|Any CPU
		{D81462AC-2594-4F1F-B0DA-E52D9844142D}.Release|Any CPU.ActiveCfg = Release|Any CPU
		{D81462AC-2594-4F1F-B0DA-E52D9844142D}.Release|Any CPU.Build.0 = Release|Any CPU
	EndGlobalSection
	GlobalSection(SolutionProperties) = preSolution
		HideSolutionNode = FALSE
	EndGlobalSection
	GlobalSection(ExtensibilityGlobals) = postSolution
		SolutionGuid = {258F36FD-DB61-4777-A456-47D11D6806A4}
	EndGlobalSection
EndGlobal
